
Microsoft Visual Studio Solution File, Format Version 12.00
# Visual Studio 15
VisualStudioVersion = 15.0.27130.2036
MinimumVisualStudioVersion = 10.0.40219.1
Project("{9A19103F-16F7-4668-BE54-9A1E7A4F7556}") = "Gozer", "Gozer\Gozer.csproj", "{2456CAAA-C065-4C68-B85B-AF675C3D9106}"
EndProject
Project("{9A19103F-16F7-4668-BE54-9A1E7A4F7556}") = "Gozer.Core", "Gozer.Core\Gozer.Core.csproj", "{60921729-A3BA-4609-92E5-316BD1521189}"
EndProject
Project("{2150E333-8FDC-42A3-9474-1A3956D46DE8}") = "Services", "Services", "{94776B8D-7D06-45A1-93A2-16A4829B8497}"
EndProject
Project("{9A19103F-16F7-4668-BE54-9A1E7A4F7556}") = "Gozer.Contract", "Gozer.Contract\Gozer.Contract.csproj", "{4635F2AC-C6C8-471A-96A1-0F356C64C883}"
EndProject
Project("{9A19103F-16F7-4668-BE54-9A1E7A4F7556}") = "Gozer.BuildInShelter", "Gozer.BuildInShelter\Gozer.BuildInShelter.csproj", "{ECD9529E-2FF1-4DF7-9BB3-9CDF1CC133C6}"
EndProject
Project("{2150E333-8FDC-42A3-9474-1A3956D46DE8}") = "BasicHttp", "BasicHttp", "{A4FE00F5-2B3A-49F5-BDDF-EF417D17E607}"
EndProject
Project("{2150E333-8FDC-42A3-9474-1A3956D46DE8}") = "NetTcp", "NetTcp", "{8BF30645-D688-4711-A94F-B8183DE76823}"
EndProject
Project("{2150E333-8FDC-42A3-9474-1A3956D46DE8}") = "DualChannel", "DualChannel", "{6F0792EF-AF9F-4938-995B-7C1282F24069}"
EndProject
Project("{2150E333-8FDC-42A3-9474-1A3956D46DE8}") = "Rest", "Rest", "{29CC95A0-DC8E-4CDB-8C43-D84D170991DA}"
EndProject
Project("{9A19103F-16F7-4668-BE54-9A1E7A4F7556}") = "Gozer.Clortho.WCF", "Gozer.Clortho.WCF\Gozer.Clortho.WCF.csproj", "{56EE10AC-8C57-403A-8E35-B831ADFCFF48}"
EndProject
Project("{2150E333-8FDC-42A3-9474-1A3956D46DE8}") = "Key", "Key", "{C4A25D77-7043-4507-B482-49BBBE938A6B}"
	ProjectSection(SolutionItems) = preProject
		Key\GozerAuth.cer = Key\GozerAuth.cer
		Key\GozerAuth.pfx = Key\GozerAuth.pfx
		Key\GozerAuth.pvk = Key\GozerAuth.pvk
		Key\GozerWrongAuth.cer = Key\GozerWrongAuth.cer
		Key\GozerWrongAuth.pfx = Key\GozerWrongAuth.pfx
		Key\GozerWrongAuth.pvk = Key\GozerWrongAuth.pvk
	EndProjectSection
EndProject
Project("{2150E333-8FDC-42A3-9474-1A3956D46DE8}") = "Tests", "Tests", "{310E15F5-053E-4FE8-9E58-353DECDDB7B3}"
EndProject
Project("{2150E333-8FDC-42A3-9474-1A3956D46DE8}") = "Example", "Example", "{3C007C02-4B63-4FA4-BBC3-EE10A4814181}"
EndProject
Project("{2150E333-8FDC-42A3-9474-1A3956D46DE8}") = "Hosts", "Hosts", "{E9AB5602-1E5E-4DC3-8803-8E3DBCEF4B0C}"
EndProject
Project("{FAE04EC0-301F-11D3-BF4B-00C04F79EFBC}") = "WcfDuplexTestServiceCertificate", "Example\Services\NetTcp\DualChannel\WcfDuplexTestServiceCertificate\WcfDuplexTestServiceCertificate.csproj", "{C86BBBA7-ADC4-44B8-8283-E17A9723D2E9}"
EndProject
Project("{FAE04EC0-301F-11D3-BF4B-00C04F79EFBC}") = "WcfDuplexTestService", "Example\Services\NetTcp\DualChannel\WcfDuplexTestService\WcfDuplexTestService.csproj", "{FE0D264E-8662-4F61-9ED9-7789187EE4DB}"
EndProject
Project("{FAE04EC0-301F-11D3-BF4B-00C04F79EFBC}") = "WcfHttpTestService", "Example\Services\BasicHttp\WcfHttpTestService\WcfHttpTestService.csproj", "{F578DD05-B73E-4C56-A7C3-2B1EC8A3C87C}"
EndProject
Project("{FAE04EC0-301F-11D3-BF4B-00C04F79EFBC}") = "WcfHttpTestServiceCertificate", "Example\Services\BasicHttp\WcfHttpTestServiceCertificate\WcfHttpTestServiceCertificate.csproj", "{CD82A5D0-11E5-47AE-984A-9BA8BE304437}"
EndProject
Project("{FAE04EC0-301F-11D3-BF4B-00C04F79EFBC}") = "RestApi", "Example\Services\Rest\RestApi\RestApi.csproj", "{F43080C5-720F-462D-AFF1-E59410B4D6B9}"
EndProject
Project("{FAE04EC0-301F-11D3-BF4B-00C04F79EFBC}") = "RestApiCertificate", "Example\Services\Rest\RestApiCertificate\RestApiCertificate.csproj", "{F61F5D1E-F1E4-4A7C-BAE6-160FD8B7E704}"
EndProject
Project("{9A19103F-16F7-4668-BE54-9A1E7A4F7556}") = "TestClientInterfaces", "Example\TestClientInterfaces\TestClientInterfaces.csproj", "{9BDAD704-D966-4966-AFDC-EFD2A1052A19}"
EndProject
Project("{2150E333-8FDC-42A3-9474-1A3956D46DE8}") = "Certificate", "Certificate", "{3A86B7BB-897C-4BA1-A385-6A65BA303057}"
EndProject
Project("{9A19103F-16F7-4668-BE54-9A1E7A4F7556}") = "Host", "Example\Hosts\Certificate\Certificate\Host.csproj", "{8B0539D2-77C9-4F1F-BFD9-8282A3AA2C8C}"
EndProject
Project("{2150E333-8FDC-42A3-9474-1A3956D46DE8}") = "AllowServices", "AllowServices", "{32E4284C-E126-4691-9C94-E40564BA1E18}"
EndProject
Project("{9A19103F-16F7-4668-BE54-9A1E7A4F7556}") = "Host", "Example\Hosts\AllowHosts\Host\Host.csproj", "{1538280F-2B9D-41AD-8839-ACCF66D596A0}"
EndProject
Project("{2150E333-8FDC-42A3-9474-1A3956D46DE8}") = "Minimal", "Minimal", "{53C08469-4805-4A56-9F86-4B4FD57ABAEF}"
EndProject
Project("{9A19103F-16F7-4668-BE54-9A1E7A4F7556}") = "Host", "Example\Hosts\Minimal\Host\Host.csproj", "{89E30EB3-E070-476A-99E4-FA0700297365}"
EndProject
Project("{2150E333-8FDC-42A3-9474-1A3956D46DE8}") = "DbShelter", "DbShelter", "{41566B33-A930-461A-A4E6-64C9629E36B2}"
EndProject
Project("{9A19103F-16F7-4668-BE54-9A1E7A4F7556}") = "Host", "Example\Hosts\DBShelter\Host\Host.csproj", "{CEA09391-5C5B-48AF-A043-48A308E94C57}"
EndProject
Project("{9A19103F-16F7-4668-BE54-9A1E7A4F7556}") = "DbShelterService", "Example\Hosts\DBShelter\DbShelterService\DbShelterService.csproj", "{D0CAC823-70F9-40A3-8B65-FA0CCB06D348}"
EndProject
Project("{2150E333-8FDC-42A3-9474-1A3956D46DE8}") = "TestClient", "TestClient", "{E0A7179F-1086-4D5B-A19B-B3B1D09C856B}"
EndProject
Project("{9A19103F-16F7-4668-BE54-9A1E7A4F7556}") = "TestClient", "Example\TestClient\TestClient.csproj", "{2C8E01B9-284B-4A65-99A0-87534347C6B5}"
EndProject
Project("{9A19103F-16F7-4668-BE54-9A1E7A4F7556}") = "Gozer.Clortho.WebApi.Core", "Gozer.Clortho.WebApi.Core\Gozer.Clortho.WebApi.Core.csproj", "{E18D3B16-AFE9-4E37-8584-2F132FD96829}"
EndProject
Project("{FAE04EC0-301F-11D3-BF4B-00C04F79EFBC}") = "Gozer.Clortho.WebApi", "Gozer.Clortho.WebApi\Gozer.Clortho.WebApi.csproj", "{A5F56C2C-171D-409A-8402-00DF6E7FDF81}"
EndProject
Project("{FAE04EC0-301F-11D3-BF4B-00C04F79EFBC}") = "Gozer.Core.Wcf", "Gozer.Core.Wcf\Gozer.Core.Wcf.csproj", "{C07A8D42-1C33-4246-91DC-2ADE29E97C9B}"
EndProject
Global
	GlobalSection(SolutionConfigurationPlatforms) = preSolution
		Debug|Any CPU = Debug|Any CPU
		Release|Any CPU = Release|Any CPU
	EndGlobalSection
	GlobalSection(ProjectConfigurationPlatforms) = postSolution
		{2456CAAA-C065-4C68-B85B-AF675C3D9106}.Debug|Any CPU.ActiveCfg = Debug|Any CPU
		{2456CAAA-C065-4C68-B85B-AF675C3D9106}.Debug|Any CPU.Build.0 = Debug|Any CPU
		{2456CAAA-C065-4C68-B85B-AF675C3D9106}.Release|Any CPU.ActiveCfg = Release|Any CPU
		{2456CAAA-C065-4C68-B85B-AF675C3D9106}.Release|Any CPU.Build.0 = Release|Any CPU
		{60921729-A3BA-4609-92E5-316BD1521189}.Debug|Any CPU.ActiveCfg = Debug|Any CPU
		{60921729-A3BA-4609-92E5-316BD1521189}.Debug|Any CPU.Build.0 = Debug|Any CPU
		{60921729-A3BA-4609-92E5-316BD1521189}.Release|Any CPU.ActiveCfg = Release|Any CPU
		{60921729-A3BA-4609-92E5-316BD1521189}.Release|Any CPU.Build.0 = Release|Any CPU
		{4635F2AC-C6C8-471A-96A1-0F356C64C883}.Debug|Any CPU.ActiveCfg = Debug|Any CPU
		{4635F2AC-C6C8-471A-96A1-0F356C64C883}.Debug|Any CPU.Build.0 = Debug|Any CPU
		{4635F2AC-C6C8-471A-96A1-0F356C64C883}.Release|Any CPU.ActiveCfg = Release|Any CPU
		{4635F2AC-C6C8-471A-96A1-0F356C64C883}.Release|Any CPU.Build.0 = Release|Any CPU
		{ECD9529E-2FF1-4DF7-9BB3-9CDF1CC133C6}.Debug|Any CPU.ActiveCfg = Debug|Any CPU
		{ECD9529E-2FF1-4DF7-9BB3-9CDF1CC133C6}.Debug|Any CPU.Build.0 = Debug|Any CPU
		{ECD9529E-2FF1-4DF7-9BB3-9CDF1CC133C6}.Release|Any CPU.ActiveCfg = Release|Any CPU
		{ECD9529E-2FF1-4DF7-9BB3-9CDF1CC133C6}.Release|Any CPU.Build.0 = Release|Any CPU
		{56EE10AC-8C57-403A-8E35-B831ADFCFF48}.Debug|Any CPU.ActiveCfg = Debug|Any CPU
		{56EE10AC-8C57-403A-8E35-B831ADFCFF48}.Debug|Any CPU.Build.0 = Debug|Any CPU
		{56EE10AC-8C57-403A-8E35-B831ADFCFF48}.Release|Any CPU.ActiveCfg = Release|Any CPU
		{56EE10AC-8C57-403A-8E35-B831ADFCFF48}.Release|Any CPU.Build.0 = Release|Any CPU
		{C86BBBA7-ADC4-44B8-8283-E17A9723D2E9}.Debug|Any CPU.ActiveCfg = Debug|Any CPU
		{C86BBBA7-ADC4-44B8-8283-E17A9723D2E9}.Debug|Any CPU.Build.0 = Debug|Any CPU
		{C86BBBA7-ADC4-44B8-8283-E17A9723D2E9}.Release|Any CPU.ActiveCfg = Release|Any CPU
		{C86BBBA7-ADC4-44B8-8283-E17A9723D2E9}.Release|Any CPU.Build.0 = Release|Any CPU
		{FE0D264E-8662-4F61-9ED9-7789187EE4DB}.Debug|Any CPU.ActiveCfg = Debug|Any CPU
		{FE0D264E-8662-4F61-9ED9-7789187EE4DB}.Debug|Any CPU.Build.0 = Debug|Any CPU
		{FE0D264E-8662-4F61-9ED9-7789187EE4DB}.Release|Any CPU.ActiveCfg = Release|Any CPU
		{FE0D264E-8662-4F61-9ED9-7789187EE4DB}.Release|Any CPU.Build.0 = Release|Any CPU
		{F578DD05-B73E-4C56-A7C3-2B1EC8A3C87C}.Debug|Any CPU.ActiveCfg = Debug|Any CPU
		{F578DD05-B73E-4C56-A7C3-2B1EC8A3C87C}.Debug|Any CPU.Build.0 = Debug|Any CPU
		{F578DD05-B73E-4C56-A7C3-2B1EC8A3C87C}.Release|Any CPU.ActiveCfg = Release|Any CPU
		{F578DD05-B73E-4C56-A7C3-2B1EC8A3C87C}.Release|Any CPU.Build.0 = Release|Any CPU
		{CD82A5D0-11E5-47AE-984A-9BA8BE304437}.Debug|Any CPU.ActiveCfg = Debug|Any CPU
		{CD82A5D0-11E5-47AE-984A-9BA8BE304437}.Debug|Any CPU.Build.0 = Debug|Any CPU
		{CD82A5D0-11E5-47AE-984A-9BA8BE304437}.Release|Any CPU.ActiveCfg = Release|Any CPU
		{CD82A5D0-11E5-47AE-984A-9BA8BE304437}.Release|Any CPU.Build.0 = Release|Any CPU
		{F43080C5-720F-462D-AFF1-E59410B4D6B9}.Debug|Any CPU.ActiveCfg = Debug|Any CPU
		{F43080C5-720F-462D-AFF1-E59410B4D6B9}.Debug|Any CPU.Build.0 = Debug|Any CPU
		{F43080C5-720F-462D-AFF1-E59410B4D6B9}.Release|Any CPU.ActiveCfg = Release|Any CPU
		{F43080C5-720F-462D-AFF1-E59410B4D6B9}.Release|Any CPU.Build.0 = Release|Any CPU
		{F61F5D1E-F1E4-4A7C-BAE6-160FD8B7E704}.Debug|Any CPU.ActiveCfg = Debug|Any CPU
		{F61F5D1E-F1E4-4A7C-BAE6-160FD8B7E704}.Debug|Any CPU.Build.0 = Debug|Any CPU
		{F61F5D1E-F1E4-4A7C-BAE6-160FD8B7E704}.Release|Any CPU.ActiveCfg = Release|Any CPU
		{F61F5D1E-F1E4-4A7C-BAE6-160FD8B7E704}.Release|Any CPU.Build.0 = Release|Any CPU
		{9BDAD704-D966-4966-AFDC-EFD2A1052A19}.Debug|Any CPU.ActiveCfg = Debug|Any CPU
		{9BDAD704-D966-4966-AFDC-EFD2A1052A19}.Debug|Any CPU.Build.0 = Debug|Any CPU
		{9BDAD704-D966-4966-AFDC-EFD2A1052A19}.Release|Any CPU.ActiveCfg = Release|Any CPU
		{9BDAD704-D966-4966-AFDC-EFD2A1052A19}.Release|Any CPU.Build.0 = Release|Any CPU
		{8B0539D2-77C9-4F1F-BFD9-8282A3AA2C8C}.Debug|Any CPU.ActiveCfg = Debug|Any CPU
		{8B0539D2-77C9-4F1F-BFD9-8282A3AA2C8C}.Debug|Any CPU.Build.0 = Debug|Any CPU
		{8B0539D2-77C9-4F1F-BFD9-8282A3AA2C8C}.Release|Any CPU.ActiveCfg = Release|Any CPU
		{8B0539D2-77C9-4F1F-BFD9-8282A3AA2C8C}.Release|Any CPU.Build.0 = Release|Any CPU
		{1538280F-2B9D-41AD-8839-ACCF66D596A0}.Debug|Any CPU.ActiveCfg = Debug|Any CPU
		{1538280F-2B9D-41AD-8839-ACCF66D596A0}.Debug|Any CPU.Build.0 = Debug|Any CPU
		{1538280F-2B9D-41AD-8839-ACCF66D596A0}.Release|Any CPU.ActiveCfg = Release|Any CPU
		{1538280F-2B9D-41AD-8839-ACCF66D596A0}.Release|Any CPU.Build.0 = Release|Any CPU
		{89E30EB3-E070-476A-99E4-FA0700297365}.Debug|Any CPU.ActiveCfg = Debug|Any CPU
		{89E30EB3-E070-476A-99E4-FA0700297365}.Debug|Any CPU.Build.0 = Debug|Any CPU
		{89E30EB3-E070-476A-99E4-FA0700297365}.Release|Any CPU.ActiveCfg = Release|Any CPU
		{89E30EB3-E070-476A-99E4-FA0700297365}.Release|Any CPU.Build.0 = Release|Any CPU
		{CEA09391-5C5B-48AF-A043-48A308E94C57}.Debug|Any CPU.ActiveCfg = Debug|Any CPU
		{CEA09391-5C5B-48AF-A043-48A308E94C57}.Debug|Any CPU.Build.0 = Debug|Any CPU
		{CEA09391-5C5B-48AF-A043-48A308E94C57}.Release|Any CPU.ActiveCfg = Release|Any CPU
		{CEA09391-5C5B-48AF-A043-48A308E94C57}.Release|Any CPU.Build.0 = Release|Any CPU
		{D0CAC823-70F9-40A3-8B65-FA0CCB06D348}.Debug|Any CPU.ActiveCfg = Debug|Any CPU
		{D0CAC823-70F9-40A3-8B65-FA0CCB06D348}.Debug|Any CPU.Build.0 = Debug|Any CPU
		{D0CAC823-70F9-40A3-8B65-FA0CCB06D348}.Release|Any CPU.ActiveCfg = Release|Any CPU
		{D0CAC823-70F9-40A3-8B65-FA0CCB06D348}.Release|Any CPU.Build.0 = Release|Any CPU
		{2C8E01B9-284B-4A65-99A0-87534347C6B5}.Debug|Any CPU.ActiveCfg = Debug|Any CPU
		{2C8E01B9-284B-4A65-99A0-87534347C6B5}.Debug|Any CPU.Build.0 = Debug|Any CPU
		{2C8E01B9-284B-4A65-99A0-87534347C6B5}.Release|Any CPU.ActiveCfg = Release|Any CPU
		{2C8E01B9-284B-4A65-99A0-87534347C6B5}.Release|Any CPU.Build.0 = Release|Any CPU
		{E18D3B16-AFE9-4E37-8584-2F132FD96829}.Debug|Any CPU.ActiveCfg = Debug|Any CPU
		{E18D3B16-AFE9-4E37-8584-2F132FD96829}.Debug|Any CPU.Build.0 = Debug|Any CPU
		{E18D3B16-AFE9-4E37-8584-2F132FD96829}.Release|Any CPU.ActiveCfg = Release|Any CPU
		{E18D3B16-AFE9-4E37-8584-2F132FD96829}.Release|Any CPU.Build.0 = Release|Any CPU
		{A5F56C2C-171D-409A-8402-00DF6E7FDF81}.Debug|Any CPU.ActiveCfg = Debug|Any CPU
		{A5F56C2C-171D-409A-8402-00DF6E7FDF81}.Debug|Any CPU.Build.0 = Debug|Any CPU
		{A5F56C2C-171D-409A-8402-00DF6E7FDF81}.Release|Any CPU.ActiveCfg = Release|Any CPU
		{A5F56C2C-171D-409A-8402-00DF6E7FDF81}.Release|Any CPU.Build.0 = Release|Any CPU
		{C07A8D42-1C33-4246-91DC-2ADE29E97C9B}.Debug|Any CPU.ActiveCfg = Debug|Any CPU
		{C07A8D42-1C33-4246-91DC-2ADE29E97C9B}.Debug|Any CPU.Build.0 = Debug|Any CPU
		{C07A8D42-1C33-4246-91DC-2ADE29E97C9B}.Release|Any CPU.ActiveCfg = Release|Any CPU
		{C07A8D42-1C33-4246-91DC-2ADE29E97C9B}.Release|Any CPU.Build.0 = Release|Any CPU
	EndGlobalSection
	GlobalSection(SolutionProperties) = preSolution
		HideSolutionNode = FALSE
	EndGlobalSection
	GlobalSection(NestedProjects) = preSolution
		{94776B8D-7D06-45A1-93A2-16A4829B8497} = {3C007C02-4B63-4FA4-BBC3-EE10A4814181}
		{A4FE00F5-2B3A-49F5-BDDF-EF417D17E607} = {94776B8D-7D06-45A1-93A2-16A4829B8497}
		{8BF30645-D688-4711-A94F-B8183DE76823} = {94776B8D-7D06-45A1-93A2-16A4829B8497}
		{6F0792EF-AF9F-4938-995B-7C1282F24069} = {8BF30645-D688-4711-A94F-B8183DE76823}
		{29CC95A0-DC8E-4CDB-8C43-D84D170991DA} = {94776B8D-7D06-45A1-93A2-16A4829B8497}
		{E9AB5602-1E5E-4DC3-8803-8E3DBCEF4B0C} = {3C007C02-4B63-4FA4-BBC3-EE10A4814181}
		{C86BBBA7-ADC4-44B8-8283-E17A9723D2E9} = {6F0792EF-AF9F-4938-995B-7C1282F24069}
		{FE0D264E-8662-4F61-9ED9-7789187EE4DB} = {6F0792EF-AF9F-4938-995B-7C1282F24069}
		{F578DD05-B73E-4C56-A7C3-2B1EC8A3C87C} = {A4FE00F5-2B3A-49F5-BDDF-EF417D17E607}
		{CD82A5D0-11E5-47AE-984A-9BA8BE304437} = {A4FE00F5-2B3A-49F5-BDDF-EF417D17E607}
		{F43080C5-720F-462D-AFF1-E59410B4D6B9} = {29CC95A0-DC8E-4CDB-8C43-D84D170991DA}
		{F61F5D1E-F1E4-4A7C-BAE6-160FD8B7E704} = {29CC95A0-DC8E-4CDB-8C43-D84D170991DA}
		{9BDAD704-D966-4966-AFDC-EFD2A1052A19} = {3C007C02-4B63-4FA4-BBC3-EE10A4814181}
		{3A86B7BB-897C-4BA1-A385-6A65BA303057} = {E9AB5602-1E5E-4DC3-8803-8E3DBCEF4B0C}
		{8B0539D2-77C9-4F1F-BFD9-8282A3AA2C8C} = {3A86B7BB-897C-4BA1-A385-6A65BA303057}
		{32E4284C-E126-4691-9C94-E40564BA1E18} = {E9AB5602-1E5E-4DC3-8803-8E3DBCEF4B0C}
		{1538280F-2B9D-41AD-8839-ACCF66D596A0} = {32E4284C-E126-4691-9C94-E40564BA1E18}
		{53C08469-4805-4A56-9F86-4B4FD57ABAEF} = {E9AB5602-1E5E-4DC3-8803-8E3DBCEF4B0C}
		{89E30EB3-E070-476A-99E4-FA0700297365} = {53C08469-4805-4A56-9F86-4B4FD57ABAEF}
		{41566B33-A930-461A-A4E6-64C9629E36B2} = {E9AB5602-1E5E-4DC3-8803-8E3DBCEF4B0C}
		{CEA09391-5C5B-48AF-A043-48A308E94C57} = {41566B33-A930-461A-A4E6-64C9629E36B2}
		{D0CAC823-70F9-40A3-8B65-FA0CCB06D348} = {41566B33-A930-461A-A4E6-64C9629E36B2}
		{E0A7179F-1086-4D5B-A19B-B3B1D09C856B} = {3C007C02-4B63-4FA4-BBC3-EE10A4814181}
		{2C8E01B9-284B-4A65-99A0-87534347C6B5} = {E0A7179F-1086-4D5B-A19B-B3B1D09C856B}
	EndGlobalSection
	GlobalSection(ExtensibilityGlobals) = postSolution
		SolutionGuid = {F566AD49-4BBB-4E94-B842-7E50DA361DB4}
	EndGlobalSection
EndGlobal
